
Microsoft Visual Studio Solution File, Format Version 12.00
# Visual Studio 15
VisualStudioVersion = 15.0.27130.2036
MinimumVisualStudioVersion = 10.0.40219.1
Project("{FAE04EC0-301F-11D3-BF4B-00C04F79EFBC}") = "Server", "Server\Server.csproj", "{0F679249-6F6E-47AA-81F4-40E8888E4032}"
EndProject
Project("{FAE04EC0-301F-11D3-BF4B-00C04F79EFBC}") = "Client", "Client\Client.csproj", "{9964902B-8EFA-48F0-A6DF-7B60F6193CF6}"
EndProject
Global
	GlobalSection(SolutionConfigurationPlatforms) = preSolution
		Debug|Any CPU = Debug|Any CPU
		Release|Any CPU = Release|Any CPU
	EndGlobalSection
	GlobalSection(ProjectConfigurationPlatforms) = postSolution
		{0F679249-6F6E-47AA-81F4-40E8888E4032}.Debug|Any CPU.ActiveCfg = Debug|Any CPU
		{0F679249-6F6E-47AA-81F4-40E8888E4032}.Debug|Any CPU.Build.0 = Debug|Any CPU
		{0F679249-6F6E-47AA-81F4-40E8888E4032}.Release|Any CPU.ActiveCfg = Release|Any CPU
		{0F679249-6F6E-47AA-81F4-40E8888E4032}.Release|Any CPU.Build.0 = Release|Any CPU
		{9964902B-8EFA-48F0-A6DF-7B60F6193CF6}.Debug|Any CPU.ActiveCfg = Debug|Any CPU
		{9964902B-8EFA-48F0-A6DF-7B60F6193CF6}.Debug|Any CPU.Build.0 = Debug|Any CPU
		{9964902B-8EFA-48F0-A6DF-7B60F6193CF6}.Release|Any CPU.ActiveCfg = Release|Any CPU
		{9964902B-8EFA-48F0-A6DF-7B60F6193CF6}.Release|Any CPU.Build.0 = Release|Any CPU
	EndGlobalSection
	GlobalSection(SolutionProperties) = preSolution
		HideSolutionNode = FALSE
	EndGlobalSection
	GlobalSection(ExtensibilityGlobals) = postSolution
		SolutionGuid = {828CC422-26B7-4250-B361-8538EFCCFD73}
	EndGlobalSection
EndGlobal
